
Microsoft Visual Studio Solution File, Format Version 12.00
# Visual Studio Version 16
VisualStudioVersion = 16.0.30621.155
MinimumVisualStudioVersion = 10.0.40219.1
Project("{9A19103F-16F7-4668-BE54-9A1E7A4F7556}") = "CsvFileReadAndWrite", "CsvFileReadAndWrite\CsvFileReadAndWrite.csproj", "{C8FF0E65-C5E6-487C-B813-640B2F9DF98C}"
EndProject
Global
	GlobalSection(SolutionConfigurationPlatforms) = preSolution
		Debug|Any CPU = Debug|Any CPU
		Release|Any CPU = Release|Any CPU
	EndGlobalSection
	GlobalSection(ProjectConfigurationPlatforms) = postSolution
		{C8FF0E65-C5E6-487C-B813-640B2F9DF98C}.Debug|Any CPU.ActiveCfg = Debug|Any CPU
		{C8FF0E65-C5E6-487C-B813-640B2F9DF98C}.Debug|Any CPU.Build.0 = Debug|Any CPU
		{C8FF0E65-C5E6-487C-B813-640B2F9DF98C}.Release|Any CPU.ActiveCfg = Release|Any CPU
		{C8FF0E65-C5E6-487C-B813-640B2F9DF98C}.Release|Any CPU.Build.0 = Release|Any CPU
	EndGlobalSection
	GlobalSection(SolutionProperties) = preSolution
		HideSolutionNode = FALSE
	EndGlobalSection
	GlobalSection(ExtensibilityGlobals) = postSolution
		SolutionGuid = {ED2995A6-5FD3-4F86-94F7-0A46D4AF3694}
	EndGlobalSection
EndGlobal
